
Microsoft Visual Studio Solution File, Format Version 12.00
# Visual Studio Version 16
VisualStudioVersion = 16.0.30413.136
MinimumVisualStudioVersion = 10.0.40219.1
Project("{FAE04EC0-301F-11D3-BF4B-00C04F79EFBC}") = "WebApi", "WebApi\WebApi.csproj", "{19B5754D-3112-49FC-BC02-AD3DFB1D1D95}"
EndProject
Global
	GlobalSection(SolutionConfigurationPlatforms) = preSolution
		Debug|Any CPU = Debug|Any CPU
		Release|Any CPU = Release|Any CPU
	EndGlobalSection
	GlobalSection(ProjectConfigurationPlatforms) = postSolution
		{19B5754D-3112-49FC-BC02-AD3DFB1D1D95}.Debug|Any CPU.ActiveCfg = Debug|Any CPU
		{19B5754D-3112-49FC-BC02-AD3DFB1D1D95}.Debug|Any CPU.Build.0 = Debug|Any CPU
		{19B5754D-3112-49FC-BC02-AD3DFB1D1D95}.Release|Any CPU.ActiveCfg = Release|Any CPU
		{19B5754D-3112-49FC-BC02-AD3DFB1D1D95}.Release|Any CPU.Build.0 = Release|Any CPU
	EndGlobalSection
	GlobalSection(SolutionProperties) = preSolution
		HideSolutionNode = FALSE
	EndGlobalSection
	GlobalSection(ExtensibilityGlobals) = postSolution
		SolutionGuid = {92C7EA84-816F-4B69-86F7-6EAE41737082}
	EndGlobalSection
EndGlobal
